
Microsoft Visual Studio Solution File, Format Version 12.00
# Visual Studio Version 16
VisualStudioVersion = 16.0.31729.503
MinimumVisualStudioVersion = 10.0.40219.1
Project("{9A19103F-16F7-4668-BE54-9A1E7A4F7556}") = "ContactBook", "ContactBook\ContactBook.csproj", "{C68B8C74-CE26-4C64-8778-25ABFE69A6E1}"
EndProject
Global
	GlobalSection(SolutionConfigurationPlatforms) = preSolution
		Debug|Any CPU = Debug|Any CPU
		Release|Any CPU = Release|Any CPU
	EndGlobalSection
	GlobalSection(ProjectConfigurationPlatforms) = postSolution
		{C68B8C74-CE26-4C64-8778-25ABFE69A6E1}.Debug|Any CPU.ActiveCfg = Debug|Any CPU
		{C68B8C74-CE26-4C64-8778-25ABFE69A6E1}.Debug|Any CPU.Build.0 = Debug|Any CPU
		{C68B8C74-CE26-4C64-8778-25ABFE69A6E1}.Release|Any CPU.ActiveCfg = Release|Any CPU
		{C68B8C74-CE26-4C64-8778-25ABFE69A6E1}.Release|Any CPU.Build.0 = Release|Any CPU
	EndGlobalSection
	GlobalSection(SolutionProperties) = preSolution
		HideSolutionNode = FALSE
	EndGlobalSection
	GlobalSection(ExtensibilityGlobals) = postSolution
		SolutionGuid = {2F7FE1E6-EC15-483D-AA9C-BDBC3E657588}
	EndGlobalSection
EndGlobal
